# This file is generated by running "yarn install" inside your project.
# Manual changes might be lost - proceed with caution!

__metadata:
  version: 8
  cacheKey: 10c0

"@eslint-community/eslint-utils@npm:^4.8.0":
  version: 4.10.1
  resolution: "@eslint-community/eslint-utils@npm:4.10.1"
  dependencies:
    eslint-visitor-keys: "npm:^3.4.3"
  peerDependencies:
    eslint: ^6.0.0 || ^7.0.0 || >=8.0.0
  checksum: 10c0/b514586655698bc6b74db72a496c77e813c78b63e36a83429845ac7057dd77113b0b6c31e6e590d5baaeee2abae6ea22363a41209bcafa078d895ab83ce83011
  languageName: node
  linkType: hard

"@eslint-community/regexpp@npm:^4.12.2":
  version: 4.12.2
  resolution: "@eslint-community/regexpp@npm:4.12.2"
  checksum: 10c0/fddcbc66851b308478d04e302a4d771d6917a0b3740dc351513c0da9ca2eab8a1adf99f5e0aa7ab8b13fa0df005c81adeee7e63a92f3effd7d367a163b721c2d
  languageName: node
  linkType: hard

"@eslint/config-array@npm:^0.23.5":
  version: 0.23.5
  resolution: "@eslint/config-array@npm:0.23.5"
  dependencies:
    "@eslint/object-schema": "npm:^3.0.5"
    debug: "npm:^4.3.1"
    minimatch: "npm:^10.2.4"
  checksum: 10c0/b24833c4c76e78ee075d306cd3f095db46b2db0f90cc13a6ee6e4275f9889731c05bf5403ab5fefb79c756e07ac9184ed0e04570341382f9eccbccc80e6d1a0c
  languageName: node
  linkType: hard

"@eslint/config-helpers@npm:^0.7.0":
  version: 0.7.0
  resolution: "@eslint/config-helpers@npm:0.7.0"
  dependencies:
    "@eslint/core": "npm:^1.2.1"
  checksum: 10c0/fd40d57d6f1db49f7b647048b88a433dc7f6522ef3edf855a43cb526ef4fc40622ceed0dc8de2e03d254f30f8e035370570de1d4bd8e7c2b1200131451e0d331
  languageName: node
  linkType: hard

"@eslint/core@npm:^1.2.1":
  version: 1.2.1
  resolution: "@eslint/core@npm:1.2.1"
  dependencies:
    "@types/json-schema": "npm:^7.0.15"
  checksum: 10c0/10979b40588ecfef771fcb5013a542a35fb30692cc95a65f3481b0b36fbd89f5679efeb30d57f4eed35203d859aabace2a620177d6c536f71b299a1af2f3398f
  languageName: node
  linkType: hard

"@eslint/eslintrc@npm:^3":
  version: 3.3.6
  resolution: "@eslint/eslintrc@npm:3.3.6"
  dependencies:
    ajv: "npm:^6.14.0"
    debug: "npm:^4.3.2"
    espree: "npm:^10.0.1"
    globals: "npm:^14.0.0"
    ignore: "npm:^5.2.0"
    import-fresh: "npm:^3.2.1"
    js-yaml: "npm:^4.3.0"
    minimatch: "npm:^3.1.5"
    strip-json-comments: "npm:^3.1.1"
  checksum: 10c0/349697171ee116f501a2f483bf47cd38937a61880aeb1c23481a69afc95e95859430a0947acbe1f5507f223180bf57530ecf2989e73bcbea763a6dcffdf1d010
  languageName: node
  linkType: hard

"@eslint/js@npm:^10":
  version: 10.0.1
  resolution: "@eslint/js@npm:10.0.1"
  peerDependencies:
    eslint: ^10.0.0
  peerDependenciesMeta:
    eslint:
      optional: true
  checksum: 10c0/9f3fcaf71ba7fdf65d82e8faad6ecfe97e11801cc3c362b306a88ea1ed1344ae0d35330dddb0e8ad18f010f6687a70b75491b9e01c8af57acd7987cee6b3ec6c
  languageName: node
  linkType: hard

"@eslint/object-schema@npm:^3.0.5":
  version: 3.0.5
  resolution: "@eslint/object-schema@npm:3.0.5"
  checksum: 10c0/1db337431f520b99e9edda64ef5fafd7ec6a029843eeb608753025125b6649d861d843cffafafd3c4e37926d7d5f9ec0c6a8e3665c13c3da2144e8132892e92e
  languageName: node
  linkType: hard

"@eslint/plugin-kit@npm:^0.7.2":
  version: 0.7.2
  resolution: "@eslint/plugin-kit@npm:0.7.2"
  dependencies:
    "@eslint/core": "npm:^1.2.1"
    levn: "npm:^0.4.1"
  checksum: 10c0/aafba08077bcd6d7dde6c2e21db18086046a88f914f29971a84cac9ad2d48952ded1b293e665e523805297eff756522dafa16f0062195e2c7143dcd1d47d11ed
  languageName: node
  linkType: hard

"@humanfs/core@npm:^0.19.2":
  version: 0.19.2
  resolution: "@humanfs/core@npm:0.19.2"
  dependencies:
    "@humanfs/types": "npm:^0.15.0"
  checksum: 10c0/d0a1d52d7b30c27d49475a53072d1510b81c5803e44b342fb8faf3887f1aa27593a1e6dc76a45268e7892d3f4e198146659281f6b6d55eacf3fd5a38bac30c5c
  languageName: node
  linkType: hard

"@humanfs/node@npm:^0.16.6":
  version: 0.16.8
  resolution: "@humanfs/node@npm:0.16.8"
  dependencies:
    "@humanfs/core": "npm:^0.19.2"
    "@humanfs/types": "npm:^0.15.0"
    "@humanwhocodes/retry": "npm:^0.4.0"
  checksum: 10c0/56140579db811af4e160b195d45d0f29acf644d192c93fe24c9e594ebf06f19dfc157494a07c84540b8a071c0e4b37209c2362765d31734f4d0be869c2422e25
  languageName: node
  linkType: hard

"@humanfs/types@npm:^0.15.0":
  version: 0.15.0
  resolution: "@humanfs/types@npm:0.15.0"
  checksum: 10c0/fc26b9a024b0e55f7eaf64036df94345bf5d36d6a41ef80ef38e78f1f7430ce26cf435af736adae58913baae18eac3f38c18739054a3d379102015978eae862e
  languageName: node
  linkType: hard

"@humanwhocodes/module-importer@npm:^1.0.1":
  version: 1.0.1
  resolution: "@humanwhocodes/module-importer@npm:1.0.1"
  checksum: 10c0/909b69c3b86d482c26b3359db16e46a32e0fb30bd306a3c176b8313b9e7313dba0f37f519de6aa8b0a1921349e505f259d19475e123182416a506d7f87e7f529
  languageName: node
  linkType: hard

"@humanwhocodes/retry@npm:^0.4.0, @humanwhocodes/retry@npm:^0.4.2":
  version: 0.4.3
  resolution: "@humanwhocodes/retry@npm:0.4.3"
  checksum: 10c0/3775bb30087d4440b3f7406d5a057777d90e4b9f435af488a4923ef249e93615fb78565a85f173a186a076c7706a81d0d57d563a2624e4de2c5c9c66c486ce42
  languageName: node
  linkType: hard

"@types/esrecurse@npm:^4.3.1":
  version: 4.3.1
  resolution: "@types/esrecurse@npm:4.3.1"
  checksum: 10c0/90dad74d5da3ad27606d8e8e757322f33171cfeaa15ad558b615cf71bb2a516492d18f55f4816384685a3eb2412142e732bbae9a4a7cd2cf3deb7572aa4ebe03
  languageName: node
  linkType: hard

"@types/estree@npm:^1.0.6, @types/estree@npm:^1.0.8":
  version: 1.0.9
  resolution: "@types/estree@npm:1.0.9"
  checksum: 10c0/3ad3286ca2988cd550dafb8f2ad599c8474868e954fa601a36655bdfefd8039f7c714b8c1c7f2ae219ffbd58bd4660e66fa7479a0120fc02d4777057d4865387
  languageName: node
  linkType: hard

"@types/json-schema@npm:^7.0.15":
  version: 7.0.15
  resolution: "@types/json-schema@npm:7.0.15"
  checksum: 10c0/a996a745e6c5d60292f36731dd41341339d4eeed8180bb09226e5c8d23759067692b1d88e5d91d72ee83dfc00d3aca8e7bd43ea120516c17922cbcb7c3e252db
  languageName: node
  linkType: hard

"JSV@npm:^4.0.x":
  version: 4.0.2
  resolution: "JSV@npm:4.0.2"
  checksum: 10c0/51c9da17f8b064ef11f287b4488ca5d5f5b747ccbf5185b1d02f7e7d8a6116374ee0b26f87dd2e44b592dcfbf254352e2b0452bdb954ec959ec09819384f14aa
  languageName: node
  linkType: hard

"acorn-jsx@npm:^5.3.2":
  version: 5.3.2
  resolution: "acorn-jsx@npm:5.3.2"
  peerDependencies:
    acorn: ^6.0.0 || ^7.0.0 || ^8.0.0
  checksum: 10c0/4c54868fbef3b8d58927d5e33f0a4de35f59012fe7b12cf9dfbb345fb8f46607709e1c4431be869a23fb63c151033d84c4198fa9f79385cec34fcb1dd53974c1
  languageName: node
  linkType: hard

"acorn@npm:^8.15.0, acorn@npm:^8.16.0":
  version: 8.18.0
  resolution: "acorn@npm:8.18.0"
  bin:
    acorn: bin/acorn
  checksum: 10c0/be771be2135cc07910cf76f444ad514d7dcfd6d4a8026e597e93155275abc8ef61eee12211d52146e9d962874269b634f397464942087be013c89d0c54c5f8e5
  languageName: node
  linkType: hard

"ajv@npm:^6.14.0":
  version: 6.15.0
  resolution: "ajv@npm:6.15.0"
  dependencies:
    fast-deep-equal: "npm:^3.1.1"
    fast-json-stable-stringify: "npm:^2.0.0"
    json-schema-traverse: "npm:^0.4.1"
    uri-js: "npm:^4.2.2"
  checksum: 10c0/67966499dd272ecde1c2e467084411132891523d057487587879d39ac04207f4351b7b2324c83198013967fbfa632c1612adc960114a30770fbe07a0773b32c2
  languageName: node
  linkType: hard

"ansi-styles@npm:~1.0.0":
  version: 1.0.0
  resolution: "ansi-styles@npm:1.0.0"
  checksum: 10c0/940e0422e80025975f7d55ad177da151936094df013f7aa56b062656b81457423cf7f9dea26fb3fc8dc8c1e943eb4c6954736196892a3e825b877bd8acbfe939
  languageName: node
  linkType: hard

"argparse@npm:^2.0.1":
  version: 2.0.1
  resolution: "argparse@npm:2.0.1"
  checksum: 10c0/c5640c2d89045371c7cedd6a70212a04e360fd34d6edeae32f6952c63949e3525ea77dbec0289d8213a99bbaeab5abfa860b5c12cf88a2e6cf8106e90dd27a7e
  languageName: node
  linkType: hard

"balanced-match@npm:^1.0.0":
  version: 1.0.2
  resolution: "balanced-match@npm:1.0.2"
  checksum: 10c0/9308baf0a7e4838a82bbfd11e01b1cb0f0cf2893bc1676c27c2a8c0e70cbae1c59120c3268517a8ae7fb6376b4639ef81ca22582611dbee4ed28df945134aaee
  languageName: node
  linkType: hard

"balanced-match@npm:^4.0.2":
  version: 4.0.4
  resolution: "balanced-match@npm:4.0.4"
  checksum: 10c0/07e86102a3eb2ee2a6a1a89164f29d0dbaebd28f2ca3f5ca786f36b8b23d9e417eb3be45a4acf754f837be5ac0a2317de90d3fcb7f4f4dc95720a1f36b26a17b
  languageName: node
  linkType: hard

"brace-expansion@npm:^1.1.7":
  version: 1.1.18
  resolution: "brace-expansion@npm:1.1.18"
  dependencies:
    balanced-match: "npm:^1.0.0"
    concat-map: "npm:0.0.1"
  checksum: 10c0/3432c18a9e2ebf94162d4effb62198bd0adea06a9f332b2c0188df5d5e30b1e51ea3c848b6608e47d0b857ebe1ea5b3888ed3326dd3c4f6f9645c94153cf9c14
  languageName: node
  linkType: hard

"brace-expansion@npm:^5.0.8":
  version: 5.0.9
  resolution: "brace-expansion@npm:5.0.9"
  dependencies:
    balanced-match: "npm:^4.0.2"
  checksum: 10c0/3dea38884a1c3c8b1c9c44a7402a0c76fca460f70cffb3127242b0b4cbf4472019e022ade021eec44838ff19f1dac2625dfd11dd459d7e1e055b0698a8d52fec
  languageName: node
  linkType: hard

"callsites@npm:^3.0.0":
  version: 3.1.0
  resolution: "callsites@npm:3.1.0"
  checksum: 10c0/fff92277400eb06c3079f9e74f3af120db9f8ea03bad0e84d9aede54bbe2d44a56cccb5f6cf12211f93f52306df87077ecec5b712794c5a9b5dac6d615a3f301
  languageName: node
  linkType: hard

"chalk@npm:~0.4.0":
  version: 0.4.0
  resolution: "chalk@npm:0.4.0"
  dependencies:
    ansi-styles: "npm:~1.0.0"
    has-color: "npm:~0.1.0"
    strip-ansi: "npm:~0.1.0"
  checksum: 10c0/c6ad1d0c341d8e133bf518ca953a80aac5e46f006dc293878cd919e7bed524f6b14893d9b3081737ed0ff4a85d1d9f9a395aad8286a5c0a7dcf3bfd6df5e7aca
  languageName: node
  linkType: hard

"clone@npm:~2.1.0":
  version: 2.1.2
  resolution: "clone@npm:2.1.2"
  checksum: 10c0/ed0601cd0b1606bc7d82ee7175b97e68d1dd9b91fd1250a3617b38d34a095f8ee0431d40a1a611122dcccb4f93295b4fdb94942aa763392b5fe44effa50c2d5e
  languageName: node
  linkType: hard

"concat-map@npm:0.0.1":
  version: 0.0.1
  resolution: "concat-map@npm:0.0.1"
  checksum: 10c0/c996b1cfdf95b6c90fee4dae37e332c8b6eb7d106430c17d538034c0ad9a1630cb194d2ab37293b1bdd4d779494beee7786d586a50bd9376fd6f7bcc2bd4c98f
  languageName: node
  linkType: hard

"cross-spawn@npm:^7.0.6":
  version: 7.0.6
  resolution: "cross-spawn@npm:7.0.6"
  dependencies:
    path-key: "npm:^3.1.0"
    shebang-command: "npm:^2.0.0"
    which: "npm:^2.0.1"
  checksum: 10c0/053ea8b2135caff68a9e81470e845613e374e7309a47731e81639de3eaeb90c3d01af0e0b44d2ab9d50b43467223b88567dfeb3262db942dc063b9976718ffc1
  languageName: node
  linkType: hard

"csslint@npm:^1.0.5":
  version: 1.0.5
  resolution: "csslint@npm:1.0.5"
  dependencies:
    clone: "npm:~2.1.0"
    parserlib: "npm:~1.1.1"
  bin:
    csslint: ./dist/cli.js
  checksum: 10c0/48828214ae26d579365888131a9db0ec9a5e87cf609f8f3078cc86a747df92c252fa49739856f66a27e1406e3a5d6174ff94a88db22809fb4e81c4a672c817f0
  languageName: node
  linkType: hard

"debug@npm:^4.3.1, debug@npm:^4.3.2":
  version: 4.4.3
  resolution: "debug@npm:4.4.3"
  dependencies:
    ms: "npm:^2.1.3"
  peerDependenciesMeta:
    supports-color:
      optional: true
  checksum: 10c0/d79136ec6c83ecbefd0f6a5593da6a9c91ec4d7ddc4b54c883d6e71ec9accb5f67a1a5e96d00a328196b5b5c86d365e98d8a3a70856aaf16b4e7b1985e67f5a6
  languageName: node
  linkType: hard

"deep-is@npm:^0.1.3":
  version: 0.1.4
  resolution: "deep-is@npm:0.1.4"
  checksum: 10c0/7f0ee496e0dff14a573dc6127f14c95061b448b87b995fc96c017ce0a1e66af1675e73f1d6064407975bc4ea6ab679497a29fff7b5b9c4e99cb10797c1ad0b4c
  languageName: node
  linkType: hard

"escape-string-regexp@npm:^4.0.0":
  version: 4.0.0
  resolution: "escape-string-regexp@npm:4.0.0"
  checksum: 10c0/9497d4dd307d845bd7f75180d8188bb17ea8c151c1edbf6b6717c100e104d629dc2dfb687686181b0f4b7d732c7dfdc4d5e7a8ff72de1b0ca283a75bbb3a9cd9
  languageName: node
  linkType: hard

"eslint-scope@npm:^9.1.2":
  version: 9.1.2
  resolution: "eslint-scope@npm:9.1.2"
  dependencies:
    "@types/esrecurse": "npm:^4.3.1"
    "@types/estree": "npm:^1.0.8"
    esrecurse: "npm:^4.3.0"
    estraverse: "npm:^5.2.0"
  checksum: 10c0/9fb8bca5a73e5741efb6cec84467027b6cb6f4203ff9b43a938e272c5cd30800bde46a5c20dfd1609f840225f0b62b7673be391b20acadf8658ca9fa4729b3dd
  languageName: node
  linkType: hard

"eslint-visitor-keys@npm:^3.4.3":
  version: 3.4.3
  resolution: "eslint-visitor-keys@npm:3.4.3"
  checksum: 10c0/92708e882c0a5ffd88c23c0b404ac1628cf20104a108c745f240a13c332a11aac54f49a22d5762efbffc18ecbc9a580d1b7ad034bf5f3cc3307e5cbff2ec9820
  languageName: node
  linkType: hard

"eslint-visitor-keys@npm:^4.2.1":
  version: 4.2.1
  resolution: "eslint-visitor-keys@npm:4.2.1"
  checksum: 10c0/fcd43999199d6740db26c58dbe0c2594623e31ca307e616ac05153c9272f12f1364f5a0b1917a8e962268fdecc6f3622c1c2908b4fcc2e047a106fe6de69dc43
  languageName: node
  linkType: hard

"eslint-visitor-keys@npm:^5.0.1":
  version: 5.0.1
  resolution: "eslint-visitor-keys@npm:5.0.1"
  checksum: 10c0/16190bdf2cbae40a1109384c94450c526a79b0b9c3cb21e544256ed85ac48a4b84db66b74a6561d20fe6ab77447f150d711c2ad5ad74df4fcc133736bce99678
  languageName: node
  linkType: hard

"eslint@npm:^10":
  version: 10.8.1
  resolution: "eslint@npm:10.8.1"
  dependencies:
    "@eslint-community/eslint-utils": "npm:^4.8.0"
    "@eslint-community/regexpp": "npm:^4.12.2"
    "@eslint/config-array": "npm:^0.23.5"
    "@eslint/config-helpers": "npm:^0.7.0"
    "@eslint/core": "npm:^1.2.1"
    "@eslint/plugin-kit": "npm:^0.7.2"
    "@humanfs/node": "npm:^0.16.6"
    "@humanwhocodes/module-importer": "npm:^1.0.1"
    "@humanwhocodes/retry": "npm:^0.4.2"
    "@types/estree": "npm:^1.0.6"
    ajv: "npm:^6.14.0"
    cross-spawn: "npm:^7.0.6"
    debug: "npm:^4.3.2"
    escape-string-regexp: "npm:^4.0.0"
    eslint-scope: "npm:^9.1.2"
    eslint-visitor-keys: "npm:^5.0.1"
    espree: "npm:^11.2.0"
    esquery: "npm:^1.7.0"
    esutils: "npm:^2.0.2"
    fast-deep-equal: "npm:^3.1.3"
    file-entry-cache: "npm:^8.0.0"
    find-up: "npm:^5.0.0"
    glob-parent: "npm:^6.0.2"
    ignore: "npm:^5.2.0"
    imurmurhash: "npm:^0.1.4"
    is-glob: "npm:^4.0.0"
    json-stable-stringify-without-jsonify: "npm:^1.0.1"
    minimatch: "npm:^10.2.5"
    natural-compare: "npm:^1.4.0"
    optionator: "npm:^0.9.3"
  peerDependencies:
    jiti: "*"
  peerDependenciesMeta:
    jiti:
      optional: true
  bin:
    eslint: bin/eslint.js
  checksum: 10c0/0c4720a43ef2052829db18e37aa79adb5f0a62137bdf4a4f8e9507bbbbf888ba0669fc03e4b7139d8f27b59b051bbbcd0a3988b068c30fa934a766d60a81f599
  languageName: node
  linkType: hard

"espree@npm:^10.0.1":
  version: 10.4.0
  resolution: "espree@npm:10.4.0"
  dependencies:
    acorn: "npm:^8.15.0"
    acorn-jsx: "npm:^5.3.2"
    eslint-visitor-keys: "npm:^4.2.1"
  checksum: 10c0/c63fe06131c26c8157b4083313cb02a9a54720a08e21543300e55288c40e06c3fc284bdecf108d3a1372c5934a0a88644c98714f38b6ae8ed272b40d9ea08d6b
  languageName: node
  linkType: hard

"espree@npm:^11.2.0":
  version: 11.2.0
  resolution: "espree@npm:11.2.0"
  dependencies:
    acorn: "npm:^8.16.0"
    acorn-jsx: "npm:^5.3.2"
    eslint-visitor-keys: "npm:^5.0.1"
  checksum: 10c0/cf87e18ffd9dc113eb8d16588e7757701bc10c9934a71cce8b89c2611d51672681a918307bd6b19ac3ccd0e7ba1cbccc2f815b36b52fa7e73097b251014c3d81
  languageName: node
  linkType: hard

"esquery@npm:^1.7.0":
  version: 1.7.0
  resolution: "esquery@npm:1.7.0"
  dependencies:
    estraverse: "npm:^5.1.0"
  checksum: 10c0/77d5173db450b66f3bc685d11af4c90cffeedb340f34a39af96d43509a335ce39c894fd79233df32d38f5e4e219fa0f7076f6ec90bae8320170ba082c0db4793
  languageName: node
  linkType: hard

"esrecurse@npm:^4.3.0":
  version: 4.3.0
  resolution: "esrecurse@npm:4.3.0"
  dependencies:
    estraverse: "npm:^5.2.0"
  checksum: 10c0/81a37116d1408ded88ada45b9fb16dbd26fba3aadc369ce50fcaf82a0bac12772ebd7b24cd7b91fc66786bf2c1ac7b5f196bc990a473efff972f5cb338877cf5
  languageName: node
  linkType: hard

"estraverse@npm:^5.1.0, estraverse@npm:^5.2.0":
  version: 5.3.0
  resolution: "estraverse@npm:5.3.0"
  checksum: 10c0/1ff9447b96263dec95d6d67431c5e0771eb9776427421260a3e2f0fdd5d6bd4f8e37a7338f5ad2880c9f143450c9b1e4fc2069060724570a49cf9cf0312bd107
  languageName: node
  linkType: hard

"esutils@npm:^2.0.2":
  version: 2.0.3
  resolution: "esutils@npm:2.0.3"
  checksum: 10c0/9a2fe69a41bfdade834ba7c42de4723c97ec776e40656919c62cbd13607c45e127a003f05f724a1ea55e5029a4cf2de444b13009f2af71271e42d93a637137c7
  languageName: node
  linkType: hard

"fast-deep-equal@npm:^3.1.1, fast-deep-equal@npm:^3.1.3":
  version: 3.1.3
  resolution: "fast-deep-equal@npm:3.1.3"
  checksum: 10c0/40dedc862eb8992c54579c66d914635afbec43350afbbe991235fdcb4e3a8d5af1b23ae7e79bef7d4882d0ecee06c3197488026998fb19f72dc95acff1d1b1d0
  languageName: node
  linkType: hard

"fast-json-stable-stringify@npm:^2.0.0":
  version: 2.1.0
  resolution: "fast-json-stable-stringify@npm:2.1.0"
  checksum: 10c0/7f081eb0b8a64e0057b3bb03f974b3ef00135fbf36c1c710895cd9300f13c94ba809bb3a81cf4e1b03f6e5285610a61abbd7602d0652de423144dfee5a389c9b
  languageName: node
  linkType: hard

"fast-levenshtein@npm:^2.0.6":
  version: 2.0.6
  resolution: "fast-levenshtein@npm:2.0.6"
  checksum: 10c0/111972b37338bcb88f7d9e2c5907862c280ebf4234433b95bc611e518d192ccb2d38119c4ac86e26b668d75f7f3894f4ff5c4982899afced7ca78633b08287c4
  languageName: node
  linkType: hard

"file-entry-cache@npm:^8.0.0":
  version: 8.0.0
  resolution: "file-entry-cache@npm:8.0.0"
  dependencies:
    flat-cache: "npm:^4.0.0"
  checksum: 10c0/9e2b5938b1cd9b6d7e3612bdc533afd4ac17b2fc646569e9a8abbf2eb48e5eb8e316bc38815a3ef6a1b456f4107f0d0f055a614ca613e75db6bf9ff4d72c1638
  languageName: node
  linkType: hard

"find-up@npm:^5.0.0":
  version: 5.0.0
  resolution: "find-up@npm:5.0.0"
  dependencies:
    locate-path: "npm:^6.0.0"
    path-exists: "npm:^4.0.0"
  checksum: 10c0/062c5a83a9c02f53cdd6d175a37ecf8f87ea5bbff1fdfb828f04bfa021441bc7583e8ebc0872a4c1baab96221fb8a8a275a19809fb93fbc40bd69ec35634069a
  languageName: node
  linkType: hard

"flat-cache@npm:^4.0.0":
  version: 4.0.1
  resolution: "flat-cache@npm:4.0.1"
  dependencies:
    flatted: "npm:^3.2.9"
    keyv: "npm:^4.5.4"
  checksum: 10c0/2c59d93e9faa2523e4fda6b4ada749bed432cfa28c8e251f33b25795e426a1c6dbada777afb1f74fcfff33934fdbdea921ee738fcc33e71adc9d6eca984a1cfc
  languageName: node
  linkType: hard

"flatted@npm:^3.2.9":
  version: 3.4.4
  resolution: "flatted@npm:3.4.4"
  checksum: 10c0/a3a52a88ea5a4c333e5a1f097dcd87a037fa31c236a77cf46222c2aa4036ef895ab9bc76138a66d9dc22bdb3652128f9598cd26e7439561bf19f67276e2bc37e
  languageName: node
  linkType: hard

"glob-parent@npm:^6.0.2":
  version: 6.0.2
  resolution: "glob-parent@npm:6.0.2"
  dependencies:
    is-glob: "npm:^4.0.3"
  checksum: 10c0/317034d88654730230b3f43bb7ad4f7c90257a426e872ea0bf157473ac61c99bf5d205fad8f0185f989be8d2fa6d3c7dce1645d99d545b6ea9089c39f838e7f8
  languageName: node
  linkType: hard

"globals@npm:^14.0.0":
  version: 14.0.0
  resolution: "globals@npm:14.0.0"
  checksum: 10c0/b96ff42620c9231ad468d4c58ff42afee7777ee1c963013ff8aabe095a451d0ceeb8dcd8ef4cbd64d2538cef45f787a78ba3a9574f4a634438963e334471302d
  languageName: node
  linkType: hard

"globals@npm:^15.8.0":
  version: 15.8.0
  resolution: "globals@npm:15.8.0"
  checksum: 10c0/b96ec86e1244806920a80a1a7c4d64b68c55336887cfa1b52886927e0f9035133e4acd354fcda63b49e53df2089c41a11dd2b02281a6439a58cbc0d63ae083cb
  languageName: node
  linkType: hard

"has-color@npm:~0.1.0":
  version: 0.1.7
  resolution: "has-color@npm:0.1.7"
  checksum: 10c0/c764308047c43f48fb421fc2a041b883547f3a3c8204cdfc0e36595da7bdf8ab317251f1511bdd0597e4be2fcf0fa29db5c52df81001e3b0b8d864ef1dbecbe3
  languageName: node
  linkType: hard

"ignore@npm:^5.2.0":
  version: 5.3.2
  resolution: "ignore@npm:5.3.2"
  checksum: 10c0/f9f652c957983634ded1e7f02da3b559a0d4cc210fca3792cb67f1b153623c9c42efdc1c4121af171e295444459fc4a9201101fb041b1104a3c000bccb188337
  languageName: node
  linkType: hard

"import-fresh@npm:^3.2.1":
  version: 3.3.1
  resolution: "import-fresh@npm:3.3.1"
  dependencies:
    parent-module: "npm:^1.0.0"
    resolve-from: "npm:^4.0.0"
  checksum: 10c0/bf8cc494872fef783249709385ae883b447e3eb09db0ebd15dcead7d9afe7224dad7bd7591c6b73b0b19b3c0f9640eb8ee884f01cfaf2887ab995b0b36a0cbec
  languageName: node
  linkType: hard

"imurmurhash@npm:^0.1.4":
  version: 0.1.4
  resolution: "imurmurhash@npm:0.1.4"
  checksum: 10c0/8b51313850dd33605c6c9d3fd9638b714f4c4c40250cff658209f30d40da60f78992fb2df5dabee4acf589a6a82bbc79ad5486550754bd9ec4e3fc0d4a57d6a6
  languageName: node
  linkType: hard

"is-extglob@npm:^2.1.1":
  version: 2.1.1
  resolution: "is-extglob@npm:2.1.1"
  checksum: 10c0/5487da35691fbc339700bbb2730430b07777a3c21b9ebaecb3072512dfd7b4ba78ac2381a87e8d78d20ea08affb3f1971b4af629173a6bf435ff8a4c47747912
  languageName: node
  linkType: hard

"is-glob@npm:^4.0.0, is-glob@npm:^4.0.3":
  version: 4.0.3
  resolution: "is-glob@npm:4.0.3"
  dependencies:
    is-extglob: "npm:^2.1.1"
  checksum: 10c0/17fb4014e22be3bbecea9b2e3a76e9e34ff645466be702f1693e8f1ee1adac84710d0be0bd9f967d6354036fd51ab7c2741d954d6e91dae6bb69714de92c197a
  languageName: node
  linkType: hard

"isexe@npm:^2.0.0":
  version: 2.0.0
  resolution: "isexe@npm:2.0.0"
  checksum: 10c0/228cfa503fadc2c31596ab06ed6aa82c9976eec2bfd83397e7eaf06d0ccf42cd1dfd6743bf9aeb01aebd4156d009994c5f76ea898d2832c1fe342da923ca457d
  languageName: node
  linkType: hard

"js-yaml@npm:^4.3.0":
  version: 4.3.1
  resolution: "js-yaml@npm:4.3.1"
  dependencies:
    argparse: "npm:^2.0.1"
  bin:
    js-yaml: bin/js-yaml.js
  checksum: 10c0/13c500ca322e0c3f8c81686e6ecda96d2ea37b45247a420c17c7db36932d6965cc27391abc2d1a104501600e7f0d947a5f8b7be6db619c4fefa87901b3512807
  languageName: node
  linkType: hard

"json-buffer@npm:3.0.1":
  version: 3.0.1
  resolution: "json-buffer@npm:3.0.1"
  checksum: 10c0/0d1c91569d9588e7eef2b49b59851f297f3ab93c7b35c7c221e288099322be6b562767d11e4821da500f3219542b9afd2e54c5dc573107c1126ed1080f8e96d7
  languageName: node
  linkType: hard

"json-schema-traverse@npm:^0.4.1":
  version: 0.4.1
  resolution: "json-schema-traverse@npm:0.4.1"
  checksum: 10c0/108fa90d4cc6f08243aedc6da16c408daf81793bf903e9fd5ab21983cda433d5d2da49e40711da016289465ec2e62e0324dcdfbc06275a607fe3233fde4942ce
  languageName: node
  linkType: hard

"json-stable-stringify-without-jsonify@npm:^1.0.1":
  version: 1.0.1
  resolution: "json-stable-stringify-without-jsonify@npm:1.0.1"
  checksum: 10c0/cb168b61fd4de83e58d09aaa6425ef71001bae30d260e2c57e7d09a5fd82223e2f22a042dedaab8db23b7d9ae46854b08bb1f91675a8be11c5cffebef5fb66a5
  languageName: node
  linkType: hard

"jsonlint@npm:^1.6.3":
  version: 1.6.3
  resolution: "jsonlint@npm:1.6.3"
  dependencies:
    JSV: "npm:^4.0.x"
    nomnom: "npm:^1.5.x"
  bin:
    jsonlint: lib/cli.js
  checksum: 10c0/801175d69bcb5ee2ef7ca0bffcb54201e0e6ae43dedb5923acfbaadfa8e1d3a772335326a11b5d12e1a356e2c8ae824732dcdd2b71480b4c709af6c21af3277b
  languageName: node
  linkType: hard

"keyv@npm:^4.5.4":
  version: 4.5.4
  resolution: "keyv@npm:4.5.4"
  dependencies:
    json-buffer: "npm:3.0.1"
  checksum: 10c0/aa52f3c5e18e16bb6324876bb8b59dd02acf782a4b789c7b2ae21107fab95fab3890ed448d4f8dba80ce05391eeac4bfabb4f02a20221342982f806fa2cf271e
  languageName: node
  linkType: hard

"levn@npm:^0.4.1":
  version: 0.4.1
  resolution: "levn@npm:0.4.1"
  dependencies:
    prelude-ls: "npm:^1.2.1"
    type-check: "npm:~0.4.0"
  checksum: 10c0/effb03cad7c89dfa5bd4f6989364bfc79994c2042ec5966cb9b95990e2edee5cd8969ddf42616a0373ac49fac1403437deaf6e9050fbbaa3546093a59b9ac94e
  languageName: node
  linkType: hard

"locate-path@npm:^6.0.0":
  version: 6.0.0
  resolution: "locate-path@npm:6.0.0"
  dependencies:
    p-locate: "npm:^5.0.0"
  checksum: 10c0/d3972ab70dfe58ce620e64265f90162d247e87159b6126b01314dd67be43d50e96a50b517bce2d9452a79409c7614054c277b5232377de50416564a77ac7aad3
  languageName: node
  linkType: hard

"minimatch@npm:^10.2.4, minimatch@npm:^10.2.5":
  version: 10.2.6
  resolution: "minimatch@npm:10.2.6"
  dependencies:
    brace-expansion: "npm:^5.0.8"
  checksum: 10c0/4559a836243b98bd4d17ea9f7edae698717c76399eea7be374f3737f33164e4907f19e9726891ddeb122f750a5a7fa80d2ac43e851d6e5984dc4ff42ec127d3a
  languageName: node
  linkType: hard

"minimatch@npm:^3.1.5":
  version: 3.1.5
  resolution: "minimatch@npm:3.1.5"
  dependencies:
    brace-expansion: "npm:^1.1.7"
  checksum: 10c0/2ecbdc0d33f07bddb0315a8b5afbcb761307a8778b48f0b312418ccbced99f104a2d17d8aca7573433c70e8ccd1c56823a441897a45e384ea76ef401a26ace70
  languageName: node
  linkType: hard

"ms@npm:^2.1.3":
  version: 2.1.3
  resolution: "ms@npm:2.1.3"
  checksum: 10c0/d924b57e7312b3b63ad21fc5b3dc0af5e78d61a1fc7cfb5457edaf26326bf62be5307cc87ffb6862ef1c2b33b0233cdb5d4f01c4c958cc0d660948b65a287a48
  languageName: node
  linkType: hard

"natural-compare@npm:^1.4.0":
  version: 1.4.0
  resolution: "natural-compare@npm:1.4.0"
  checksum: 10c0/f5f9a7974bfb28a91afafa254b197f0f22c684d4a1731763dda960d2c8e375b36c7d690e0d9dc8fba774c537af14a7e979129bca23d88d052fbeb9466955e447
  languageName: node
  linkType: hard

"nomnom@npm:^1.5.x":
  version: 1.8.1
  resolution: "nomnom@npm:1.8.1"
  dependencies:
    chalk: "npm:~0.4.0"
    underscore: "npm:~1.6.0"
  checksum: 10c0/d086d5da3043f85e68816fb017d013f209ca987d050893a73672bc8946be3284ed1bf3e0c774679fea88ecc47c2d22f505b5adc37748384622afd544d2076d9c
  languageName: node
  linkType: hard

"opendsa@workspace:.":
  version: 0.0.0-use.local
  resolution: "opendsa@workspace:."
  dependencies:
    "@eslint/eslintrc": "npm:^3"
    "@eslint/js": "npm:^10"
    csslint: "npm:^1.0.5"
    eslint: "npm:^10"
    globals: "npm:^15.8.0"
    jsonlint: "npm:^1.6.3"
    uglify-js: "npm:^3.19.0"
  languageName: unknown
  linkType: soft

"optionator@npm:^0.9.3":
  version: 0.9.4
  resolution: "optionator@npm:0.9.4"
  dependencies:
    deep-is: "npm:^0.1.3"
    fast-levenshtein: "npm:^2.0.6"
    levn: "npm:^0.4.1"
    prelude-ls: "npm:^1.2.1"
    type-check: "npm:^0.4.0"
    word-wrap: "npm:^1.2.5"
  checksum: 10c0/4afb687a059ee65b61df74dfe87d8d6815cd6883cb8b3d5883a910df72d0f5d029821f37025e4bccf4048873dbdb09acc6d303d27b8f76b1a80dd5a7d5334675
  languageName: node
  linkType: hard

"p-limit@npm:^3.0.2":
  version: 3.1.0
  resolution: "p-limit@npm:3.1.0"
  dependencies:
    yocto-queue: "npm:^0.1.0"
  checksum: 10c0/9db675949dbdc9c3763c89e748d0ef8bdad0afbb24d49ceaf4c46c02c77d30db4e0652ed36d0a0a7a95154335fab810d95c86153105bb73b3a90448e2bb14e1a
  languageName: node
  linkType: hard

"p-locate@npm:^5.0.0":
  version: 5.0.0
  resolution: "p-locate@npm:5.0.0"
  dependencies:
    p-limit: "npm:^3.0.2"
  checksum: 10c0/2290d627ab7903b8b70d11d384fee714b797f6040d9278932754a6860845c4d3190603a0772a663c8cb5a7b21d1b16acb3a6487ebcafa9773094edc3dfe6009a
  languageName: node
  linkType: hard

"parent-module@npm:^1.0.0":
  version: 1.0.1
  resolution: "parent-module@npm:1.0.1"
  dependencies:
    callsites: "npm:^3.0.0"
  checksum: 10c0/c63d6e80000d4babd11978e0d3fee386ca7752a02b035fd2435960ffaa7219dc42146f07069fb65e6e8bf1caef89daf9af7535a39bddf354d78bf50d8294f556
  languageName: node
  linkType: hard

"parserlib@npm:~1.1.1":
  version: 1.1.1
  resolution: "parserlib@npm:1.1.1"
  checksum: 10c0/40d7dadfb49b8f24bf81faff161ede03a816d25841c69a751f74a2c9713f240a27e618a273651654c12f147376c9852708cf64b2ee6801ec7d4c7f2706f6af1c
  languageName: node
  linkType: hard

"path-exists@npm:^4.0.0":
  version: 4.0.0
  resolution: "path-exists@npm:4.0.0"
  checksum: 10c0/8c0bd3f5238188197dc78dced15207a4716c51cc4e3624c44fc97acf69558f5ebb9a2afff486fe1b4ee148e0c133e96c5e11a9aa5c48a3006e3467da070e5e1b
  languageName: node
  linkType: hard

"path-key@npm:^3.1.0":
  version: 3.1.1
  resolution: "path-key@npm:3.1.1"
  checksum: 10c0/748c43efd5a569c039d7a00a03b58eecd1d75f3999f5a28303d75f521288df4823bc057d8784eb72358b2895a05f29a070bc9f1f17d28226cc4e62494cc58c4c
  languageName: node
  linkType: hard

"prelude-ls@npm:^1.2.1":
  version: 1.2.1
  resolution: "prelude-ls@npm:1.2.1"
  checksum: 10c0/b00d617431e7886c520a6f498a2e14c75ec58f6d93ba48c3b639cf241b54232d90daa05d83a9e9b9fef6baa63cb7e1e4602c2372fea5bc169668401eb127d0cd
  languageName: node
  linkType: hard

"punycode@npm:^2.1.0":
  version: 2.3.1
  resolution: "punycode@npm:2.3.1"
  checksum: 10c0/14f76a8206bc3464f794fb2e3d3cc665ae416c01893ad7a02b23766eb07159144ee612ad67af5e84fa4479ccfe67678c4feb126b0485651b302babf66f04f9e9
  languageName: node
  linkType: hard

"resolve-from@npm:^4.0.0":
  version: 4.0.0
  resolution: "resolve-from@npm:4.0.0"
  checksum: 10c0/8408eec31a3112ef96e3746c37be7d64020cda07c03a920f5024e77290a218ea758b26ca9529fd7b1ad283947f34b2291c1c0f6aa0ed34acfdda9c6014c8d190
  languageName: node
  linkType: hard

"shebang-command@npm:^2.0.0":
  version: 2.0.0
  resolution: "shebang-command@npm:2.0.0"
  dependencies:
    shebang-regex: "npm:^3.0.0"
  checksum: 10c0/a41692e7d89a553ef21d324a5cceb5f686d1f3c040759c50aab69688634688c5c327f26f3ecf7001ebfd78c01f3c7c0a11a7c8bfd0a8bc9f6240d4f40b224e4e
  languageName: node
  linkType: hard

"shebang-regex@npm:^3.0.0":
  version: 3.0.0
  resolution: "shebang-regex@npm:3.0.0"
  checksum: 10c0/1dbed0726dd0e1152a92696c76c7f06084eb32a90f0528d11acd764043aacf76994b2fb30aa1291a21bd019d6699164d048286309a278855ee7bec06cf6fb690
  languageName: node
  linkType: hard

"strip-ansi@npm:~0.1.0":
  version: 0.1.1
  resolution: "strip-ansi@npm:0.1.1"
  bin:
    strip-ansi: cli.js
  checksum: 10c0/f593f30d82c9b3ff694b125aef5c8779aeedab5556ccaacfe62431c895d2ecfcbb7dcf1bdc4172d1a5350a77534a671d8a4c6546b08a676e5ad108c49cc09b0d
  languageName: node
  linkType: hard

"strip-json-comments@npm:^3.1.1":
  version: 3.1.1
  resolution: "strip-json-comments@npm:3.1.1"
  checksum: 10c0/9681a6257b925a7fa0f285851c0e613cc934a50661fa7bb41ca9cbbff89686bb4a0ee366e6ecedc4daafd01e83eee0720111ab294366fe7c185e935475ebcecd
  languageName: node
  linkType: hard

"type-check@npm:^0.4.0, type-check@npm:~0.4.0":
  version: 0.4.0
  resolution: "type-check@npm:0.4.0"
  dependencies:
    prelude-ls: "npm:^1.2.1"
  checksum: 10c0/7b3fd0ed43891e2080bf0c5c504b418fbb3e5c7b9708d3d015037ba2e6323a28152ec163bcb65212741fa5d2022e3075ac3c76440dbd344c9035f818e8ecee58
  languageName: node
  linkType: hard

"uglify-js@npm:^3.19.0":
  version: 3.19.0
  resolution: "uglify-js@npm:3.19.0"
  bin:
    uglifyjs: bin/uglifyjs
  checksum: 10c0/c27d7a4734a59c5e2c08a6efd68bc534d559619f80ad437b1009ed56a7b1a8f6d6cbd5892a15879e0413d724e785b7227487ccca8d3e07261ba92d469c1447d3
  languageName: node
  linkType: hard

"underscore@npm:^1.12.1":
  version: 1.13.8
  resolution: "underscore@npm:1.13.8"
  checksum: 10c0/6677688daeda30484823e77c0b89ce4dcf29964a77d5a06f37299c007ab4bb1c66a0ff75e0d274620b62a1fe2a6ba29879f8214533ca611d71a1ae504f2bfc9b
  languageName: node
  linkType: hard

"uri-js@npm:^4.2.2":
  version: 4.4.1
  resolution: "uri-js@npm:4.4.1"
  dependencies:
    punycode: "npm:^2.1.0"
  checksum: 10c0/4ef57b45aa820d7ac6496e9208559986c665e49447cb072744c13b66925a362d96dd5a46c4530a6b8e203e5db5fe849369444440cb22ecfc26c679359e5dfa3c
  languageName: node
  linkType: hard

"which@npm:^2.0.1":
  version: 2.0.2
  resolution: "which@npm:2.0.2"
  dependencies:
    isexe: "npm:^2.0.0"
  bin:
    node-which: ./bin/node-which
  checksum: 10c0/66522872a768b60c2a65a57e8ad184e5372f5b6a9ca6d5f033d4b0dc98aff63995655a7503b9c0a2598936f532120e81dd8cc155e2e92ed662a2b9377cc4374f
  languageName: node
  linkType: hard

"word-wrap@npm:^1.2.5":
  version: 1.2.5
  resolution: "word-wrap@npm:1.2.5"
  checksum: 10c0/e0e4a1ca27599c92a6ca4c32260e8a92e8a44f4ef6ef93f803f8ed823f486e0889fc0b93be4db59c8d51b3064951d25e43d434e95dc8c960cc3a63d65d00ba20
  languageName: node
  linkType: hard

"yocto-queue@npm:^0.1.0":
  version: 0.1.0
  resolution: "yocto-queue@npm:0.1.0"
  checksum: 10c0/dceb44c28578b31641e13695d200d34ec4ab3966a5729814d5445b194933c096b7ced71494ce53a0e8820685d1d010df8b2422e5bf2cdea7e469d97ffbea306f
  languageName: node
  linkType: hard
